
Microsoft Visual Studio Solution File, Format Version 12.00
# Visual Studio Version 17
VisualStudioVersion = 17.4.33110.190
MinimumVisualStudioVersion = 10.0.40219.1
Project("{9A19103F-16F7-4668-BE54-9A1E7A4F7556}") = "ProjetoEscola", "ServidorHttp\ProjetoEscola.csproj", "{189190D1-EDF8-4E33-B721-20C44D877822}"
EndProject
Global
	GlobalSection(SolutionConfigurationPlatforms) = preSolution
		Debug|Any CPU = Debug|Any CPU
		Release|Any CPU = Release|Any CPU
	EndGlobalSection
	GlobalSection(ProjectConfigurationPlatforms) = postSolution
		{189190D1-EDF8-4E33-B721-20C44D877822}.Debug|Any CPU.ActiveCfg = Debug|Any CPU
		{189190D1-EDF8-4E33-B721-20C44D877822}.Debug|Any CPU.Build.0 = Debug|Any CPU
		{189190D1-EDF8-4E33-B721-20C44D877822}.Release|Any CPU.ActiveCfg = Release|Any CPU
		{189190D1-EDF8-4E33-B721-20C44D877822}.Release|Any CPU.Build.0 = Release|Any CPU
	EndGlobalSection
	GlobalSection(SolutionProperties) = preSolution
		HideSolutionNode = FALSE
	EndGlobalSection
	GlobalSection(ExtensibilityGlobals) = postSolution
		SolutionGuid = {4D3AE371-60D6-490A-932D-795A673E319D}
	EndGlobalSection
EndGlobal
